
Microsoft Visual Studio Solution File, Format Version 12.00
# Visual Studio Version 17
VisualStudioVersion = 17.13.35806.99
MinimumVisualStudioVersion = 10.0.40219.1
Project("{FAE04EC0-301F-11D3-BF4B-00C04F79EFBC}") = "PetBS", "PetBS\PetBS.csproj", "{75FCEA14-A1C8-4FBD-AD63-E5C13509D47A}"
EndProject
Project("{FAE04EC0-301F-11D3-BF4B-00C04F79EFBC}") = "PetBL", "PetBL\PetBL.csproj", "{FB796E33-B2AE-4D42-AABD-8055E9139F76}"
EndProject
Project("{FAE04EC0-301F-11D3-BF4B-00C04F79EFBC}") = "PetDAL", "PetDAL\PetDAL.csproj", "{08B59D49-5D34-4183-88F1-1CE01AC89FC3}"
EndProject
Global
	GlobalSection(SolutionConfigurationPlatforms) = preSolution
		Debug|Any CPU = Debug|Any CPU
		Release|Any CPU = Release|Any CPU
	EndGlobalSection
	GlobalSection(ProjectConfigurationPlatforms) = postSolution
		{75FCEA14-A1C8-4FBD-AD63-E5C13509D47A}.Debug|Any CPU.ActiveCfg = Debug|Any CPU
		{75FCEA14-A1C8-4FBD-AD63-E5C13509D47A}.Debug|Any CPU.Build.0 = Debug|Any CPU
		{75FCEA14-A1C8-4FBD-AD63-E5C13509D47A}.Release|Any CPU.ActiveCfg = Release|Any CPU
		{75FCEA14-A1C8-4FBD-AD63-E5C13509D47A}.Release|Any CPU.Build.0 = Release|Any CPU
		{FB796E33-B2AE-4D42-AABD-8055E9139F76}.Debug|Any CPU.ActiveCfg = Debug|Any CPU
		{FB796E33-B2AE-4D42-AABD-8055E9139F76}.Debug|Any CPU.Build.0 = Debug|Any CPU
		{FB796E33-B2AE-4D42-AABD-8055E9139F76}.Release|Any CPU.ActiveCfg = Release|Any CPU
		{FB796E33-B2AE-4D42-AABD-8055E9139F76}.Release|Any CPU.Build.0 = Release|Any CPU
		{08B59D49-5D34-4183-88F1-1CE01AC89FC3}.Debug|Any CPU.ActiveCfg = Debug|Any CPU
		{08B59D49-5D34-4183-88F1-1CE01AC89FC3}.Debug|Any CPU.Build.0 = Debug|Any CPU
		{08B59D49-5D34-4183-88F1-1CE01AC89FC3}.Release|Any CPU.ActiveCfg = Release|Any CPU
		{08B59D49-5D34-4183-88F1-1CE01AC89FC3}.Release|Any CPU.Build.0 = Release|Any CPU
	EndGlobalSection
	GlobalSection(SolutionProperties) = preSolution
		HideSolutionNode = FALSE
	EndGlobalSection
	GlobalSection(ExtensibilityGlobals) = postSolution
		SolutionGuid = {5F5A70D0-FE5C-46EE-B2DD-63D37CD9D678}
	EndGlobalSection
EndGlobal
